
Microsoft Visual Studio Solution File, Format Version 12.00
# Visual Studio Version 16
VisualStudioVersion = 16.0.29009.5
MinimumVisualStudioVersion = 10.0.40219.1
Project("{FAE04EC0-301F-11D3-BF4B-00C04F79EFBC}") = "RMAInforme", "RMAInforme\RMAInforme.csproj", "{8DFE18E8-10A5-4571-8B69-F68A5281453C}"
EndProject
Global
	GlobalSection(SolutionConfigurationPlatforms) = preSolution
		Debug|Any CPU = Debug|Any CPU
		Release|Any CPU = Release|Any CPU
	EndGlobalSection
	GlobalSection(ProjectConfigurationPlatforms) = postSolution
		{8DFE18E8-10A5-4571-8B69-F68A5281453C}.Debug|Any CPU.ActiveCfg = Debug|Any CPU
		{8DFE18E8-10A5-4571-8B69-F68A5281453C}.Debug|Any CPU.Build.0 = Debug|Any CPU
		{8DFE18E8-10A5-4571-8B69-F68A5281453C}.Release|Any CPU.ActiveCfg = Release|Any CPU
		{8DFE18E8-10A5-4571-8B69-F68A5281453C}.Release|Any CPU.Build.0 = Release|Any CPU
	EndGlobalSection
	GlobalSection(SolutionProperties) = preSolution
		HideSolutionNode = FALSE
	EndGlobalSection
	GlobalSection(ExtensibilityGlobals) = postSolution
		SolutionGuid = {D7F1EBC0-F1BC-46AE-948D-77265E569F04}
	EndGlobalSection
EndGlobal
